
Microsoft Visual Studio Solution File, Format Version 11.00
# Visual Studio 2010
Project("{FAE04EC0-301F-11D3-BF4B-00C04F79EFBC}") = "ClasesBases", "ClasesBases\ClasesBases.csproj", "{F885FCCB-C5D9-479D-8FEF-31FE889E7A7E}"
EndProject
Project("{FAE04EC0-301F-11D3-BF4B-00C04F79EFBC}") = "Vistas", "Vistas\Vistas.csproj", "{E3588FB8-120B-421A-9BB8-770C5D76A90C}"
EndProject
Global
	GlobalSection(SolutionConfigurationPlatforms) = preSolution
		Debug|Any CPU = Debug|Any CPU
		Debug|Mixed Platforms = Debug|Mixed Platforms
		Debug|x86 = Debug|x86
		Release|Any CPU = Release|Any CPU
		Release|Mixed Platforms = Release|Mixed Platforms
		Release|x86 = Release|x86
	EndGlobalSection
	GlobalSection(ProjectConfigurationPlatforms) = postSolution
		{F885FCCB-C5D9-479D-8FEF-31FE889E7A7E}.Debug|Any CPU.ActiveCfg = Debug|Any CPU
		{F885FCCB-C5D9-479D-8FEF-31FE889E7A7E}.Debug|Any CPU.Build.0 = Debug|Any CPU
		{F885FCCB-C5D9-479D-8FEF-31FE889E7A7E}.Debug|Mixed Platforms.ActiveCfg = Debug|Any CPU
		{F885FCCB-C5D9-479D-8FEF-31FE889E7A7E}.Debug|Mixed Platforms.Build.0 = Debug|Any CPU
		{F885FCCB-C5D9-479D-8FEF-31FE889E7A7E}.Debug|x86.ActiveCfg = Debug|Any CPU
		{F885FCCB-C5D9-479D-8FEF-31FE889E7A7E}.Release|Any CPU.ActiveCfg = Release|Any CPU
		{F885FCCB-C5D9-479D-8FEF-31FE889E7A7E}.Release|Any CPU.Build.0 = Release|Any CPU
		{F885FCCB-C5D9-479D-8FEF-31FE889E7A7E}.Release|Mixed Platforms.ActiveCfg = Release|Any CPU
		{F885FCCB-C5D9-479D-8FEF-31FE889E7A7E}.Release|Mixed Platforms.Build.0 = Release|Any CPU
		{F885FCCB-C5D9-479D-8FEF-31FE889E7A7E}.Release|x86.ActiveCfg = Release|Any CPU
		{E3588FB8-120B-421A-9BB8-770C5D76A90C}.Debug|Any CPU.ActiveCfg = Debug|x86
		{E3588FB8-120B-421A-9BB8-770C5D76A90C}.Debug|Mixed Platforms.ActiveCfg = Debug|x86
		{E3588FB8-120B-421A-9BB8-770C5D76A90C}.Debug|Mixed Platforms.Build.0 = Debug|x86
		{E3588FB8-120B-421A-9BB8-770C5D76A90C}.Debug|x86.ActiveCfg = Debug|x86
		{E3588FB8-120B-421A-9BB8-770C5D76A90C}.Debug|x86.Build.0 = Debug|x86
		{E3588FB8-120B-421A-9BB8-770C5D76A90C}.Release|Any CPU.ActiveCfg = Release|x86
		{E3588FB8-120B-421A-9BB8-770C5D76A90C}.Release|Mixed Platforms.ActiveCfg = Release|x86
		{E3588FB8-120B-421A-9BB8-770C5D76A90C}.Release|Mixed Platforms.Build.0 = Release|x86
		{E3588FB8-120B-421A-9BB8-770C5D76A90C}.Release|x86.ActiveCfg = Release|x86
		{E3588FB8-120B-421A-9BB8-770C5D76A90C}.Release|x86.Build.0 = Release|x86
	EndGlobalSection
	GlobalSection(SolutionProperties) = preSolution
		HideSolutionNode = FALSE
	EndGlobalSection
EndGlobal
